// !$*UTF8*$!
{
	archiveVersion = 1;
	classes = {
	};
	objectVersion = 50;
	objects = {

/* Begin PBXBuildFile section */
		035CFA902356854A00460ED5 /* AppDelegate.swift in Sources */ = {isa = PBXBuildFile; fileRef = 035CFA8F2356854A00460ED5 /* AppDelegate.swift */; };
		035CFA922356854A00460ED5 /* ViewController.swift in Sources */ = {isa = PBXBuildFile; fileRef = 035CFA912356854A00460ED5 /* ViewController.swift */; };
		035CFA952356854A00460ED5 /* Main.storyboard in Resources */ = {isa = PBXBuildFile; fileRef = 035CFA932356854A00460ED5 /* Main.storyboard */; };
		035CFA982356854A00460ED5 /* LSAT_Drill_Book.xcdatamodeld in Sources */ = {isa = PBXBuildFile; fileRef = 035CFA962356854A00460ED5 /* LSAT_Drill_Book.xcdatamodeld */; };
		035CFA9A2356854B00460ED5 /* Assets.xcassets in Resources */ = {isa = PBXBuildFile; fileRef = 035CFA992356854B00460ED5 /* Assets.xcassets */; };
		035CFA9D2356854B00460ED5 /* LaunchScreen.storyboard in Resources */ = {isa = PBXBuildFile; fileRef = 035CFA9B2356854B00460ED5 /* LaunchScreen.storyboard */; };
		957DAFBBAD37CE311B8C62A5 /* Pods_LSAT_Drill_Book.framework in Frameworks */ = {isa = PBXBuildFile; fileRef = E4C7D68B577D871A3E438D7B /* Pods_LSAT_Drill_Book.framework */; };
/* End PBXBuildFile section */

/* Begin PBXFileReference section */
		035CFA8C2356854A00460ED5 /* LSAT Drill Book.app */ = {isa = PBXFileReference; explicitFileType = wrapper.application; includeInIndex = 0; path = "LSAT Drill Book.app"; sourceTree = BUILT_PRODUCTS_DIR; };
		035CFA8F2356854A00460ED5 /* AppDelegate.swift */ = {isa = PBXFileReference; lastKnownFileType = sourcecode.swift; path = AppDelegate.swift; sourceTree = "<group>"; };
		035CFA912356854A00460ED5 /* ViewController.swift */ = {isa = PBXFileReference; lastKnownFileType = sourcecode.swift; path = ViewController.swift; sourceTree = "<group>"; };
		035CFA942356854A00460ED5 /* Base */ = {isa = PBXFileReference; lastKnownFileType = file.storyboard; name = Base; path = Base.lproj/Main.storyboard; sourceTree = "<group>"; };
		035CFA972356854A00460ED5 /* LSAT_Drill_Book.xcdatamodel */ = {isa = PBXFileReference; lastKnownFileType = wrapper.xcdatamodel; path = LSAT_Drill_Book.xcdatamodel; sourceTree = "<group>"; };
		035CFA992356854B00460ED5 /* Assets.xcassets */ = {isa = PBXFileReference; lastKnownFileType = folder.assetcatalog; path = Assets.xcassets; sourceTree = "<group>"; };
		035CFA9C2356854B00460ED5 /* Base */ = {isa = PBXFileReference; lastKnownFileType = file.storyboard; name = Base; path = Base.lproj/LaunchScreen.storyboard; sourceTree = "<group>"; };
		035CFA9E2356854B00460ED5 /* Info.plist */ = {isa = PBXFileReference; lastKnownFileType = text.plist.xml; path = Info.plist; sourceTree = "<group>"; };
		B0F537C792300D08F11A359F /* Pods-LSAT Drill Book.release.xcconfig */ = {isa = PBXFileReference; includeInIndex = 1; lastKnownFileType = text.xcconfig; name = "Pods-LSAT Drill Book.release.xcconfig"; path = "Target Support Files/Pods-LSAT Drill Book/Pods-LSAT Drill Book.release.xcconfig"; sourceTree = "<group>"; };
		C47E2B4EE37CFCCFD40FEC89 /* Pods-LSAT Drill Book.debug.xcconfig */ = {isa = PBXFileReference; includeInIndex = 1; lastKnownFileType = text.xcconfig; name = "Pods-LSAT Drill Book.debug.xcconfig"; path = "Target Support Files/Pods-LSAT Drill Book/Pods-LSAT Drill Book.debug.xcconfig"; sourceTree = "<group>"; };
		E4C7D68B577D871A3E438D7B /* Pods_LSAT_Drill_Book.framework */ = {isa = PBXFileReference; explicitFileType = wrapper.framework; includeInIndex = 0; path = Pods_LSAT_Drill_Book.framework; sourceTree = BUILT_PRODUCTS_DIR; };
/* End PBXFileReference section */

/* Begin PBXFrameworksBuildPhase section */
		035CFA892356854A00460ED5 /* Frameworks */ = {
			isa = PBXFrameworksBuildPhase;
			buildActionMask = 2147483647;
			files = (
				957DAFBBAD37CE311B8C62A5 /* Pods_LSAT_Drill_Book.framework in Frameworks */,
			);
			runOnlyForDeploymentPostprocessing = 0;
		};
/* End PBXFrameworksBuildPhase section */

/* Begin PBXGroup section */
		035CFA832356854A00460ED5 = {
			isa = PBXGroup;
			children = (
				035CFA8E2356854A00460ED5 /* LSAT Drill Book */,
				035CFA8D2356854A00460ED5 /* Products */,
				E24DD9A79BAC633687FE606D /* Pods */,
				87AC3E29387DE9AFAB43A2CB /* Frameworks */,
			);
			sourceTree = "<group>";
		};
		035CFA8D2356854A00460ED5 /* Products */ = {
			isa = PBXGroup;
			children = (
				035CFA8C2356854A00460ED5 /* LSAT Drill Book.app */,
			);
			name = Products;
			sourceTree = "<group>";
		};
		035CFA8E2356854A00460ED5 /* LSAT Drill Book */ = {
			isa = PBXGroup;
			children = (
				035CFA8F2356854A00460ED5 /* AppDelegate.swift */,
				035CFA912356854A00460ED5 /* ViewController.swift */,
				035CFA932356854A00460ED5 /* Main.storyboard */,
				035CFA992356854B00460ED5 /* Assets.xcassets */,
				035CFA9B2356854B00460ED5 /* LaunchScreen.storyboard */,
				035CFA9E2356854B00460ED5 /* Info.plist */,
				035CFA962356854A00460ED5 /* LSAT_Drill_Book.xcdatamodeld */,
			);
			path = "LSAT Drill Book";
			sourceTree = "<group>";
		};
		87AC3E29387DE9AFAB43A2CB /* Frameworks */ = {
			isa = PBXGroup;
			children = (
				E4C7D68B577D871A3E438D7B /* Pods_LSAT_Drill_Book.framework */,
			);
			name = Frameworks;
			sourceTree = "<group>";
		};
		E24DD9A79BAC633687FE606D /* Pods */ = {
			isa = PBXGroup;
			children = (
				C47E2B4EE37CFCCFD40FEC89 /* Pods-LSAT Drill Book.debug.xcconfig */,
				B0F537C792300D08F11A359F /* Pods-LSAT Drill Book.release.xcconfig */,
			);
			name = Pods;
			path = Pods;
			sourceTree = "<group>";
		};
/* End PBXGroup section */

/* Begin PBXNativeTarget section */
		035CFA8B2356854A00460ED5 /* LSAT Drill Book */ = {
			isa = PBXNativeTarget;
			buildConfigurationList = 035CFAA12356854B00460ED5 /* Build configuration list for PBXNativeTarget "LSAT Drill Book" */;
			buildPhases = (
				BF8383FD25409209462C1A9E /* [CP] Check Pods Manifest.lock */,
				035CFA882356854A00460ED5 /* Sources */,
				035CFA892356854A00460ED5 /* Frameworks */,
				035CFA8A2356854A00460ED5 /* Resources */,
				CDE17263501FAF8EB13CAE86 /* [CP] Embed Pods Frameworks */,
			);
			buildRules = (
			);
			dependencies = (
			);
			name = "LSAT Drill Book";
			productName = "LSAT Drill Book";
			productReference = 035CFA8C2356854A00460ED5 /* LSAT Drill Book.app */;
			productType = "com.apple.product-type.application";
		};
/* End PBXNativeTarget section */

/* Begin PBXProject section */
		035CFA842356854A00460ED5 /* Project object */ = {
			isa = PBXProject;
			attributes = {
				LastSwiftUpdateCheck = 1030;
				LastUpgradeCheck = 1030;
				ORGANIZATIONNAME = "Ian Kuzmik";
				TargetAttributes = {
					035CFA8B2356854A00460ED5 = {
						CreatedOnToolsVersion = 10.3;
					};
				};
			};
			buildConfigurationList = 035CFA872356854A00460ED5 /* Build configuration list for PBXProject "LSAT Drill Book" */;
			compatibilityVersion = "Xcode 9.3";
			developmentRegion = en;
			hasScannedForEncodings = 0;
			knownRegions = (
				en,
				Base,
			);
			mainGroup = 035CFA832356854A00460ED5;
			productRefGroup = 035CFA8D2356854A00460ED5 /* Products */;
			projectDirPath = "";
			projectRoot = "";
			targets = (
				035CFA8B2356854A00460ED5 /* LSAT Drill Book */,
			);
		};
/* End PBXProject section */

/* Begin PBXResourcesBuildPhase section */
		035CFA8A2356854A00460ED5 /* Resources */ = {
			isa = PBXResourcesBuildPhase;
			buildActionMask = 2147483647;
			files = (
				035CFA9D2356854B00460ED5 /* LaunchScreen.storyboard in Resources */,
				035CFA9A2356854B00460ED5 /* Assets.xcassets in Resources */,
				035CFA952356854A00460ED5 /* Main.storyboard in Resources */,
			);
			runOnlyForDeploymentPostprocessing = 0;
		};
/* End PBXResourcesBuildPhase section */

/* Begin PBXShellScriptBuildPhase section */
		BF8383FD25409209462C1A9E /* [CP] Check Pods Manifest.lock */ = {
			isa = PBXShellScriptBuildPhase;
			buildActionMask = 2147483647;
			files = (
			);
			inputFileListPaths = (
			);
			inputPaths = (
				"${PODS_PODFILE_DIR_PATH}/Podfile.lock",
				"${PODS_ROOT}/Manifest.lock",
			);
			name = "[CP] Check Pods Manifest.lock";
			outputFileListPaths = (
			);
			outputPaths = (
				"$(DERIVED_FILE_DIR)/Pods-LSAT Drill Book-checkManifestLockResult.txt",
			);
			runOnlyForDeploymentPostprocessing = 0;
			shellPath = /bin/sh;
			shellScript = "diff \"${PODS_PODFILE_DIR_PATH}/Podfile.lock\" \"${PODS_ROOT}/Manifest.lock\" > /dev/null\nif [ $? != 0 ] ; then\n    # print error to STDERR\n    echo \"error: The sandbox is not in sync with the Podfile.lock. Run 'pod install' or update your CocoaPods installation.\" >&2\n    exit 1\nfi\n# This output is used by Xcode 'outputs' to avoid re-running this script phase.\necho \"SUCCESS\" > \"${SCRIPT_OUTPUT_FILE_0}\"\n";
			showEnvVarsInLog = 0;
		};
		CDE17263501FAF8EB13CAE86 /* [CP] Embed Pods Frameworks */ = {
			isa = PBXShellScriptBuildPhase;
			buildActionMask = 2147483647;
			files = (
			);
			inputFileListPaths = (
				"${PODS_ROOT}/Target Support Files/Pods-LSAT Drill Book/Pods-LSAT Drill Book-frameworks-${CONFIGURATION}-input-files.xcfilelist",
			);
			name = "[CP] Embed Pods Frameworks";
			outputFileListPaths = (
				"${PODS_ROOT}/Target Support Files/Pods-LSAT Drill Book/Pods-LSAT Drill Book-frameworks-${CONFIGURATION}-output-files.xcfilelist",
			);
			runOnlyForDeploymentPostprocessing = 0;
			shellPath = /bin/sh;
			shellScript = "\"${PODS_ROOT}/Target Support Files/Pods-LSAT Drill Book/Pods-LSAT Drill Book-frameworks.sh\"\n";
			showEnvVarsInLog = 0;
		};
/* End PBXShellScriptBuildPhase section */

/* Begin PBXSourcesBuildPhase section */
		035CFA882356854A00460ED5 /* Sources */ = {
			isa = PBXSourcesBuildPhase;
			buildActionMask = 2147483647;
			files = (
				035CFA922356854A00460ED5 /* ViewController.swift in Sources */,
				035CFA902356854A00460ED5 /* AppDelegate.swift in Sources */,
				035CFA982356854A00460ED5 /* LSAT_Drill_Book.xcdatamodeld in Sources */,
			);
			runOnlyForDeploymentPostprocessing = 0;
		};
/* End PBXSourcesBuildPhase section */

/* Begin PBXVariantGroup section */
		035CFA932356854A00460ED5 /* Main.storyboard */ = {
			isa = PBXVariantGroup;
			children = (
				035CFA942356854A00460ED5 /* Base */,
			);
			name = Main.storyboard;
			sourceTree = "<group>";
		};
		035CFA9B2356854B00460ED5 /* LaunchScreen.storyboard */ = {
			isa = PBXVariantGroup;
			children = (
				035CFA9C2356854B00460ED5 /* Base */,
			);
			name = LaunchScreen.storyboard;
			sourceTree = "<group>";
		};
/* End PBXVariantGroup section */

/* Begin XCBuildConfiguration section */
		035CFA9F2356854B00460ED5 /* Debug */ = {
			isa = XCBuildConfiguration;
			buildSettings = {
				ALWAYS_SEARCH_USER_PATHS = NO;
				CLANG_ANALYZER_NONNULL = YES;
				CLANG_ANALYZER_NUMBER_OBJECT_CONVERSION = YES_AGGRESSIVE;
				CLANG_CXX_LANGUAGE_STANDARD = "gnu++14";
				CLANG_CXX_LIBRARY = "libc++";
				CLANG_ENABLE_MODULES = YES;
				CLANG_ENABLE_OBJC_ARC = YES;
				CLANG_ENABLE_OBJC_WEAK = YES;
				CLANG_WARN_BLOCK_CAPTURE_AUTORELEASING = YES;
				CLANG_WARN_BOOL_CONVERSION = YES;
				CLANG_WARN_COMMA = YES;
				CLANG_WARN_CONSTANT_CONVERSION = YES;
				CLANG_WARN_DEPRECATED_OBJC_IMPLEMENTATIONS = YES;
				CLANG_WARN_DIRECT_OBJC_ISA_USAGE = YES_ERROR;
				CLANG_WARN_DOCUMENTATION_COMMENTS = YES;
				CLANG_WARN_EMPTY_BODY = YES;
				CLANG_WARN_ENUM_CONVERSION = YES;
				CLANG_WARN_INFINITE_RECURSION = YES;
				CLANG_WARN_INT_CONVERSION = YES;
				CLANG_WARN_NON_LITERAL_NULL_CONVERSION = YES;
				CLANG_WARN_OBJC_IMPLICIT_RETAIN_SELF = YES;
				CLANG_WARN_OBJC_LITERAL_CONVERSION = YES;
				CLANG_WARN_OBJC_ROOT_CLASS = YES_ERROR;
				CLANG_WARN_RANGE_LOOP_ANALYSIS = YES;
				CLANG_WARN_STRICT_PROTOTYPES = YES;
				CLANG_WARN_SUSPICIOUS_MOVE = YES;
				CLANG_WARN_UNGUARDED_AVAILABILITY = YES_AGGRESSIVE;
				CLANG_WARN_UNREACHABLE_CODE = YES;
				CLANG_WARN__DUPLICATE_METHOD_MATCH = YES;
				CODE_SIGN_IDENTITY = "iPhone Developer";
				COPY_PHASE_STRIP = NO;
				DEBUG_INFORMATION_FORMAT = dwarf;
				ENABLE_STRICT_OBJC_MSGSEND = YES;
				ENABLE_TESTABILITY = YES;
				GCC_C_LANGUAGE_STANDARD = gnu11;
				GCC_DYNAMIC_NO_PIC = NO;
				GCC_NO_COMMON_BLOCKS = YES;
				GCC_OPTIMIZATION_LEVEL = 0;
				GCC_PREPROCESSOR_DEFINITIONS = (
					"DEBUG=1",
					"$(inherited)",
				);
				GCC_WARN_64_TO_32_BIT_CONVERSION = YES;
				GCC_WARN_ABOUT_RETURN_TYPE = YES_ERROR;
				GCC_WARN_UNDECLARED_SELECTOR = YES;
				GCC_WARN_UNINITIALIZED_AUTOS = YES_AGGRESSIVE;
				GCC_WARN_UNUSED_FUNCTION = YES;
				GCC_WARN_UNUSED_VARIABLE = YES;
				IPHONEOS_DEPLOYMENT_TARGET = 12.4;
				MTL_ENABLE_DEBUG_INFO = INCLUDE_SOURCE;
				MTL_FAST_MATH = YES;
				ONLY_ACTIVE_ARCH = YES;
				SDKROOT = iphoneos;
				SWIFT_ACTIVE_COMPILATION_CONDITIONS = DEBUG;
				SWIFT_OPTIMIZATION_LEVEL = "-Onone";
			};
			name = Debug;
		};
		035CFAA02356854B00460ED5 /* Release */ = {
			isa = XCBuildConfiguration;
			buildSettings = {
				ALWAYS_SEARCH_USER_PATHS = NO;
				CLANG_ANALYZER_NONNULL = YES;
				CLANG_ANALYZER_NUMBER_OBJECT_CONVERSION = YES_AGGRESSIVE;
				CLANG_CXX_LANGUAGE_STANDARD = "gnu++14";
				CLANG_CXX_LIBRARY = "libc++";
				CLANG_ENABLE_MODULES = YES;
				CLANG_ENABLE_OBJC_ARC = YES;
				CLANG_ENABLE_OBJC_WEAK = YES;
				CLANG_WARN_BLOCK_CAPTURE_AUTORELEASING = YES;
				CLANG_WARN_BOOL_CONVERSION = YES;
				CLANG_WARN_COMMA = YES;
				CLANG_WARN_CONSTANT_CONVERSION = YES;
				CLANG_WARN_DEPRECATED_OBJC_IMPLEMENTATIONS = YES;
				CLANG_WARN_DIRECT_OBJC_ISA_USAGE = YES_ERROR;
				CLANG_WARN_DOCUMENTATION_COMMENTS = YES;
				CLANG_WARN_EMPTY_BODY = YES;
				CLANG_WARN_ENUM_CONVERSION = YES;
				CLANG_WARN_INFINITE_RECURSION = YES;
				CLANG_WARN_INT_CONVERSION = YES;
				CLANG_WARN_NON_LITERAL_NULL_CONVERSION = YES;
				CLANG_WARN_OBJC_IMPLICIT_RETAIN_SELF = YES;
				CLANG_WARN_OBJC_LITERAL_CONVERSION = YES;
				CLANG_WARN_OBJC_ROOT_CLASS = YES_ERROR;
				CLANG_WARN_RANGE_LOOP_ANALYSIS = YES;
				CLANG_WARN_STRICT_PROTOTYPES = YES;
				CLANG_WARN_SUSPICIOUS_MOVE = YES;
				CLANG_WARN_UNGUARDED_AVAILABILITY = YES_AGGRESSIVE;
				CLANG_WARN_UNREACHABLE_CODE = YES;
				CLANG_WARN__DUPLICATE_METHOD_MATCH = YES;
				CODE_SIGN_IDENTITY = "iPhone Developer";
				COPY_PHASE_STRIP = NO;
				DEBUG_INFORMATION_FORMAT = "dwarf-with-dsym";
				ENABLE_NS_ASSERTIONS = NO;
				ENABLE_STRICT_OBJC_MSGSEND = YES;
				GCC_C_LANGUAGE_STANDARD = gnu11;
				GCC_NO_COMMON_BLOCKS = YES;
				GCC_WARN_64_TO_32_BIT_CONVERSION = YES;
				GCC_WARN_ABOUT_RETURN_TYPE = YES_ERROR;
				GCC_WARN_UNDECLARED_SELECTOR = YES;
				GCC_WARN_UNINITIALIZED_AUTOS = YES_AGGRESSIVE;
				GCC_WARN_UNUSED_FUNCTION = YES;
				GCC_WARN_UNUSED_VARIABLE = YES;
				IPHONEOS_DEPLOYMENT_TARGET = 12.4;
				MTL_ENABLE_DEBUG_INFO = NO;
				MTL_FAST_MATH = YES;
				SDKROOT = iphoneos;
				SWIFT_COMPILATION_MODE = wholemodule;
				SWIFT_OPTIMIZATION_LEVEL = "-O";
				VALIDATE_PRODUCT = YES;
			};
			name = Release;
		};
		035CFAA22356854B00460ED5 /* Debug */ = {
			isa = XCBuildConfiguration;
			baseConfigurationReference = C47E2B4EE37CFCCFD40FEC89 /* Pods-LSAT Drill Book.debug.xcconfig */;
			buildSettings = {
				ASSETCATALOG_COMPILER_APPICON_NAME = AppIcon;
				CODE_SIGN_STYLE = Automatic;
				DEVELOPMENT_TEAM = 85LGM5T6R4;
				INFOPLIST_FILE = "LSAT Drill Book/Info.plist";
				LD_RUNPATH_SEARCH_PATHS = (
					"$(inherited)",
					"@executable_path/Frameworks",
				);
				PRODUCT_BUNDLE_IDENTIFIER = "Ian.Kuzmik.LSAT-Drill-Book";
				PRODUCT_NAME = "$(TARGET_NAME)";
				SWIFT_VERSION = 5.0;
				TARGETED_DEVICE_FAMILY = "1,2";
			};
			name = Debug;
		};
		035CFAA32356854B00460ED5 /* Release */ = {
			isa = XCBuildConfiguration;
			baseConfigurationReference = B0F537C792300D08F11A359F /* Pods-LSAT Drill Book.release.xcconfig */;
			buildSettings = {
				ASSETCATALOG_COMPILER_APPICON_NAME = AppIcon;
				CODE_SIGN_STYLE = Automatic;
				DEVELOPMENT_TEAM = 85LGM5T6R4;
				INFOPLIST_FILE = "LSAT Drill Book/Info.plist";
				LD_RUNPATH_SEARCH_PATHS = (
					"$(inherited)",
					"@executable_path/Frameworks",
				);
				PRODUCT_BUNDLE_IDENTIFIER = "Ian.Kuzmik.LSAT-Drill-Book";
				PRODUCT_NAME = "$(TARGET_NAME)";
				SWIFT_VERSION = 5.0;
				TARGETED_DEVICE_FAMILY = "1,2";
			};
			name = Release;
		};
/* End XCBuildConfiguration section */

/* Begin XCConfigurationList section */
		035CFA872356854A00460ED5 /* Build configuration list for PBXProject "LSAT Drill Book" */ = {
			isa = XCConfigurationList;
			buildConfigurations = (
				035CFA9F2356854B00460ED5 /* Debug */,
				035CFAA02356854B00460ED5 /* Release */,
			);
			defaultConfigurationIsVisible = 0;
			defaultConfigurationName = Release;
		};
		035CFAA12356854B00460ED5 /* Build configuration list for PBXNativeTarget "LSAT Drill Book" */ = {
			isa = XCConfigurationList;
			buildConfigurations = (
				035CFAA22356854B00460ED5 /* Debug */,
				035CFAA32356854B00460ED5 /* Release */,
			);
			defaultConfigurationIsVisible = 0;
			defaultConfigurationName = Release;
		};
/* End XCConfigurationList section */

/* Begin XCVersionGroup section */
		035CFA962356854A00460ED5 /* LSAT_Drill_Book.xcdatamodeld */ = {
			isa = XCVersionGroup;
			children = (
				035CFA972356854A00460ED5 /* LSAT_Drill_Book.xcdatamodel */,
			);
			currentVersion = 035CFA972356854A00460ED5 /* LSAT_Drill_Book.xcdatamodel */;
			path = LSAT_Drill_Book.xcdatamodeld;
			sourceTree = "<group>";
			versionGroupType = wrapper.xcdatamodel;
		};
/* End XCVersionGroup section */
	};
	rootObject = 035CFA842356854A00460ED5 /* Project object */;
}
